
Microsoft Visual Studio Solution File, Format Version 12.00
# Visual Studio Version 17
VisualStudioVersion = 17.10.35122.118
MinimumVisualStudioVersion = 10.0.40219.1
Project("{FAE04EC0-301F-11D3-BF4B-00C04F79EFBC}") = "SortingApp", "SortingApp\SortingApp.csproj", "{D9FE8F2B-6AF9-410F-8DFD-10678470BECB}"
EndProject
Global
	GlobalSection(SolutionConfigurationPlatforms) = preSolution
		Debug|Any CPU = Debug|Any CPU
		Release|Any CPU = Release|Any CPU
	EndGlobalSection
	GlobalSection(ProjectConfigurationPlatforms) = postSolution
		{D9FE8F2B-6AF9-410F-8DFD-10678470BECB}.Debug|Any CPU.ActiveCfg = Debug|Any CPU
		{D9FE8F2B-6AF9-410F-8DFD-10678470BECB}.Debug|Any CPU.Build.0 = Debug|Any CPU
		{D9FE8F2B-6AF9-410F-8DFD-10678470BECB}.Release|Any CPU.ActiveCfg = Release|Any CPU
		{D9FE8F2B-6AF9-410F-8DFD-10678470BECB}.Release|Any CPU.Build.0 = Release|Any CPU
	EndGlobalSection
	GlobalSection(SolutionProperties) = preSolution
		HideSolutionNode = FALSE
	EndGlobalSection
	GlobalSection(ExtensibilityGlobals) = postSolution
		SolutionGuid = {D52B6D9B-B60A-478E-8E7E-A19DB8FB1CEE}
	EndGlobalSection
EndGlobal
