
Microsoft Visual Studio Solution File, Format Version 12.00
# Visual Studio Version 17
VisualStudioVersion = 17.10.35122.118
MinimumVisualStudioVersion = 10.0.40219.1
Project("{FAE04EC0-301F-11D3-BF4B-00C04F79EFBC}") = "Exception handling 2", "Exception handling 2\Exception handling 2.csproj", "{3BF0F3BF-17A9-4AE8-8D63-50FF9A54138C}"
EndProject
Global
	GlobalSection(SolutionConfigurationPlatforms) = preSolution
		Debug|Any CPU = Debug|Any CPU
		Release|Any CPU = Release|Any CPU
	EndGlobalSection
	GlobalSection(ProjectConfigurationPlatforms) = postSolution
		{3BF0F3BF-17A9-4AE8-8D63-50FF9A54138C}.Debug|Any CPU.ActiveCfg = Debug|Any CPU
		{3BF0F3BF-17A9-4AE8-8D63-50FF9A54138C}.Debug|Any CPU.Build.0 = Debug|Any CPU
		{3BF0F3BF-17A9-4AE8-8D63-50FF9A54138C}.Release|Any CPU.ActiveCfg = Release|Any CPU
		{3BF0F3BF-17A9-4AE8-8D63-50FF9A54138C}.Release|Any CPU.Build.0 = Release|Any CPU
	EndGlobalSection
	GlobalSection(SolutionProperties) = preSolution
		HideSolutionNode = FALSE
	EndGlobalSection
	GlobalSection(ExtensibilityGlobals) = postSolution
		SolutionGuid = {1E05D848-3936-44B9-A7A0-2A08F8EA6589}
	EndGlobalSection
EndGlobal
