
Microsoft Visual Studio Solution File, Format Version 12.00
# Visual Studio Version 17
VisualStudioVersion = 17.10.35122.118
MinimumVisualStudioVersion = 10.0.40219.1
Project("{FAE04EC0-301F-11D3-BF4B-00C04F79EFBC}") = "InterfaceDay3", "InterfaceDay3\InterfaceDay3.csproj", "{910E852A-C391-4799-B522-4643528BD748}"
EndProject
Global
	GlobalSection(SolutionConfigurationPlatforms) = preSolution
		Debug|Any CPU = Debug|Any CPU
		Release|Any CPU = Release|Any CPU
	EndGlobalSection
	GlobalSection(ProjectConfigurationPlatforms) = postSolution
		{910E852A-C391-4799-B522-4643528BD748}.Debug|Any CPU.ActiveCfg = Debug|Any CPU
		{910E852A-C391-4799-B522-4643528BD748}.Debug|Any CPU.Build.0 = Debug|Any CPU
		{910E852A-C391-4799-B522-4643528BD748}.Release|Any CPU.ActiveCfg = Release|Any CPU
		{910E852A-C391-4799-B522-4643528BD748}.Release|Any CPU.Build.0 = Release|Any CPU
	EndGlobalSection
	GlobalSection(SolutionProperties) = preSolution
		HideSolutionNode = FALSE
	EndGlobalSection
	GlobalSection(ExtensibilityGlobals) = postSolution
		SolutionGuid = {3F152E21-1736-46FB-8CD8-98F622EFA76A}
	EndGlobalSection
EndGlobal
