
Microsoft Visual Studio Solution File, Format Version 12.00
# Visual Studio Version 17
VisualStudioVersion = 17.10.35122.118
MinimumVisualStudioVersion = 10.0.40219.1
Project("{FAE04EC0-301F-11D3-BF4B-00C04F79EFBC}") = "array", "array\array.csproj", "{6CFB45D1-115B-4EF5-B97D-993A3BF7DAAB}"
EndProject
Global
	GlobalSection(SolutionConfigurationPlatforms) = preSolution
		Debug|Any CPU = Debug|Any CPU
		Release|Any CPU = Release|Any CPU
	EndGlobalSection
	GlobalSection(ProjectConfigurationPlatforms) = postSolution
		{6CFB45D1-115B-4EF5-B97D-993A3BF7DAAB}.Debug|Any CPU.ActiveCfg = Debug|Any CPU
		{6CFB45D1-115B-4EF5-B97D-993A3BF7DAAB}.Debug|Any CPU.Build.0 = Debug|Any CPU
		{6CFB45D1-115B-4EF5-B97D-993A3BF7DAAB}.Release|Any CPU.ActiveCfg = Release|Any CPU
		{6CFB45D1-115B-4EF5-B97D-993A3BF7DAAB}.Release|Any CPU.Build.0 = Release|Any CPU
	EndGlobalSection
	GlobalSection(SolutionProperties) = preSolution
		HideSolutionNode = FALSE
	EndGlobalSection
	GlobalSection(ExtensibilityGlobals) = postSolution
		SolutionGuid = {E71FA33C-52CB-45AC-AF12-92D709CA9C2F}
	EndGlobalSection
EndGlobal
